
Microsoft Visual Studio Solution File, Format Version 12.00
# Visual Studio Version 17
VisualStudioVersion = 17.14.36203.30
MinimumVisualStudioVersion = 10.0.40219.1
Project("{FAE04EC0-301F-11D3-BF4B-00C04F79EFBC}") = "API", "API\API.csproj", "{FFC8B48A-6110-4B3D-9BE5-53D6BA278582}"
	ProjectSection(ProjectDependencies) = postProject
		{9EC088AB-CF2F-45F1-AA52-1C1B577DAA68} = {9EC088AB-CF2F-45F1-AA52-1C1B577DAA68}
	EndProjectSection
EndProject
Project("{FAE04EC0-301F-11D3-BF4B-00C04F79EFBC}") = "DB", "DB\DB.csproj", "{9EC088AB-CF2F-45F1-AA52-1C1B577DAA68}"
EndProject
Project("{FAE04EC0-301F-11D3-BF4B-00C04F79EFBC}") = "APP.Core", "APP.Core\APP.Core.csproj", "{AA2231D2-4E80-4E87-B972-6225AF035817}"
EndProject
Global
	GlobalSection(SolutionConfigurationPlatforms) = preSolution
		Debug|Any CPU = Debug|Any CPU
		Release|Any CPU = Release|Any CPU
	EndGlobalSection
	GlobalSection(ProjectConfigurationPlatforms) = postSolution
		{FFC8B48A-6110-4B3D-9BE5-53D6BA278582}.Debug|Any CPU.ActiveCfg = Debug|Any CPU
		{FFC8B48A-6110-4B3D-9BE5-53D6BA278582}.Debug|Any CPU.Build.0 = Debug|Any CPU
		{FFC8B48A-6110-4B3D-9BE5-53D6BA278582}.Release|Any CPU.ActiveCfg = Release|Any CPU
		{FFC8B48A-6110-4B3D-9BE5-53D6BA278582}.Release|Any CPU.Build.0 = Release|Any CPU
		{9EC088AB-CF2F-45F1-AA52-1C1B577DAA68}.Debug|Any CPU.ActiveCfg = Debug|Any CPU
		{9EC088AB-CF2F-45F1-AA52-1C1B577DAA68}.Debug|Any CPU.Build.0 = Debug|Any CPU
		{9EC088AB-CF2F-45F1-AA52-1C1B577DAA68}.Release|Any CPU.ActiveCfg = Release|Any CPU
		{9EC088AB-CF2F-45F1-AA52-1C1B577DAA68}.Release|Any CPU.Build.0 = Release|Any CPU
		{AA2231D2-4E80-4E87-B972-6225AF035817}.Debug|Any CPU.ActiveCfg = Debug|Any CPU
		{AA2231D2-4E80-4E87-B972-6225AF035817}.Debug|Any CPU.Build.0 = Debug|Any CPU
		{AA2231D2-4E80-4E87-B972-6225AF035817}.Release|Any CPU.ActiveCfg = Release|Any CPU
		{AA2231D2-4E80-4E87-B972-6225AF035817}.Release|Any CPU.Build.0 = Release|Any CPU
	EndGlobalSection
	GlobalSection(SolutionProperties) = preSolution
		HideSolutionNode = FALSE
	EndGlobalSection
	GlobalSection(ExtensibilityGlobals) = postSolution
		SolutionGuid = {A28C30E0-6939-4C81-B472-D2A678421AA9}
	EndGlobalSection
EndGlobal
